
Microsoft Visual Studio Solution File, Format Version 12.00
# Visual Studio Version 17
VisualStudioVersion = 17.10.35004.147
MinimumVisualStudioVersion = 10.0.40219.1
Project("{9A19103F-16F7-4668-BE54-9A1E7A4F7556}") = "BethanysPieShop", "BethanysPieShop\BethanysPieShop.csproj", "{96CC32F1-CFB6-4043-865D-8B371A945E7D}"
EndProject
Project("{FAE04EC0-301F-11D3-BF4B-00C04F79EFBC}") = "BethanysPieShopTests", "BethanysPieShopTests\BethanysPieShopTests.csproj", "{80FC4C61-0BA9-4D7D-8F8D-E80DBE4A74E1}"
EndProject
Global
	GlobalSection(SolutionConfigurationPlatforms) = preSolution
		Debug|Any CPU = Debug|Any CPU
		Release|Any CPU = Release|Any CPU
	EndGlobalSection
	GlobalSection(ProjectConfigurationPlatforms) = postSolution
		{96CC32F1-CFB6-4043-865D-8B371A945E7D}.Debug|Any CPU.ActiveCfg = Debug|Any CPU
		{96CC32F1-CFB6-4043-865D-8B371A945E7D}.Debug|Any CPU.Build.0 = Debug|Any CPU
		{96CC32F1-CFB6-4043-865D-8B371A945E7D}.Release|Any CPU.ActiveCfg = Release|Any CPU
		{96CC32F1-CFB6-4043-865D-8B371A945E7D}.Release|Any CPU.Build.0 = Release|Any CPU
		{80FC4C61-0BA9-4D7D-8F8D-E80DBE4A74E1}.Debug|Any CPU.ActiveCfg = Debug|Any CPU
		{80FC4C61-0BA9-4D7D-8F8D-E80DBE4A74E1}.Debug|Any CPU.Build.0 = Debug|Any CPU
		{80FC4C61-0BA9-4D7D-8F8D-E80DBE4A74E1}.Release|Any CPU.ActiveCfg = Release|Any CPU
		{80FC4C61-0BA9-4D7D-8F8D-E80DBE4A74E1}.Release|Any CPU.Build.0 = Release|Any CPU
	EndGlobalSection
	GlobalSection(SolutionProperties) = preSolution
		HideSolutionNode = FALSE
	EndGlobalSection
	GlobalSection(ExtensibilityGlobals) = postSolution
		SolutionGuid = {FFB3150F-3CD9-4399-BCC9-36DA30B5ECC1}
	EndGlobalSection
EndGlobal
